// !$*UTF8*$!
{
	archiveVersion = 1;
	classes = {
	};
	objectVersion = 56;
	objects = {

/* Begin PBXBuildFile section */
		8275780A2BA19DF300B2154E /* RowViewType.swift in Sources */ = {isa = PBXBuildFile; fileRef = 827578092BA19DF300B2154E /* RowViewType.swift */; };
		BBC9F0482BAAC872001C1792 /* AddHabitView.swift in Sources */ = {isa = PBXBuildFile; fileRef = BBC9F0472BAAC872001C1792 /* AddHabitView.swift */; };
		BBD8D1922BA1912900E0A0DF /* ProjethabitApp.swift in Sources */ = {isa = PBXBuildFile; fileRef = BBD8D1912BA1912900E0A0DF /* ProjethabitApp.swift */; };
		BBD8D1942BA1912900E0A0DF /* ContentView.swift in Sources */ = {isa = PBXBuildFile; fileRef = BBD8D1932BA1912900E0A0DF /* ContentView.swift */; };
		BBD8D1962BA1912A00E0A0DF /* Assets.xcassets in Resources */ = {isa = PBXBuildFile; fileRef = BBD8D1952BA1912A00E0A0DF /* Assets.xcassets */; };
		BBD8D19A2BA1912A00E0A0DF /* Preview Assets.xcassets in Resources */ = {isa = PBXBuildFile; fileRef = BBD8D1992BA1912A00E0A0DF /* Preview Assets.xcassets */; };
		BBD8D1A52BA192E900E0A0DF /* HabitViewModel.swift in Sources */ = {isa = PBXBuildFile; fileRef = BBD8D1A42BA192E900E0A0DF /* HabitViewModel.swift */; };
		BBD8D1A72BA1934000E0A0DF /* Habit.swift in Sources */ = {isa = PBXBuildFile; fileRef = BBD8D1A62BA1934000E0A0DF /* Habit.swift */; };
		BBD8D1E12BA1A0A800E0A0DF /* HabitDayView.swift in Sources */ = {isa = PBXBuildFile; fileRef = BBD8D1E02BA1A0A800E0A0DF /* HabitDayView.swift */; };
/* End PBXBuildFile section */

/* Begin PBXFileReference section */
		827578092BA19DF300B2154E /* RowViewType.swift */ = {isa = PBXFileReference; lastKnownFileType = sourcecode.swift; path = RowViewType.swift; sourceTree = "<group>"; };
		BBC9F0472BAAC872001C1792 /* AddHabitView.swift */ = {isa = PBXFileReference; lastKnownFileType = sourcecode.swift; path = AddHabitView.swift; sourceTree = "<group>"; };
		BBD8D18E2BA1912900E0A0DF /* Projethabit.app */ = {isa = PBXFileReference; explicitFileType = wrapper.application; includeInIndex = 0; path = Projethabit.app; sourceTree = BUILT_PRODUCTS_DIR; };
		BBD8D1912BA1912900E0A0DF /* ProjethabitApp.swift */ = {isa = PBXFileReference; lastKnownFileType = sourcecode.swift; path = ProjethabitApp.swift; sourceTree = "<group>"; };
		BBD8D1932BA1912900E0A0DF /* ContentView.swift */ = {isa = PBXFileReference; lastKnownFileType = sourcecode.swift; path = ContentView.swift; sourceTree = "<group>"; };
		BBD8D1952BA1912A00E0A0DF /* Assets.xcassets */ = {isa = PBXFileReference; lastKnownFileType = folder.assetcatalog; path = Assets.xcassets; sourceTree = "<group>"; };
		BBD8D1972BA1912A00E0A0DF /* Projethabit.entitlements */ = {isa = PBXFileReference; lastKnownFileType = text.plist.entitlements; path = Projethabit.entitlements; sourceTree = "<group>"; };
		BBD8D1992BA1912A00E0A0DF /* Preview Assets.xcassets */ = {isa = PBXFileReference; lastKnownFileType = folder.assetcatalog; path = "Preview Assets.xcassets"; sourceTree = "<group>"; };
		BBD8D1A42BA192E900E0A0DF /* HabitViewModel.swift */ = {isa = PBXFileReference; lastKnownFileType = sourcecode.swift; path = HabitViewModel.swift; sourceTree = "<group>"; };
		BBD8D1A62BA1934000E0A0DF /* Habit.swift */ = {isa = PBXFileReference; lastKnownFileType = sourcecode.swift; path = Habit.swift; sourceTree = "<group>"; };
		BBD8D1E02BA1A0A800E0A0DF /* HabitDayView.swift */ = {isa = PBXFileReference; lastKnownFileType = sourcecode.swift; path = HabitDayView.swift; sourceTree = "<group>"; };
/* End PBXFileReference section */

/* Begin PBXFrameworksBuildPhase section */
		BBD8D18B2BA1912900E0A0DF /* Frameworks */ = {
			isa = PBXFrameworksBuildPhase;
			buildActionMask = 2147483647;
			files = (
			);
			runOnlyForDeploymentPostprocessing = 0;
		};
/* End PBXFrameworksBuildPhase section */

/* Begin PBXGroup section */
		BBC9F0462BAAC35B001C1792 /* Recovered References */ = {
			isa = PBXGroup;
			children = (
			);
			name = "Recovered References";
			sourceTree = "<group>";
		};
		BBD8D1852BA1912900E0A0DF = {
			isa = PBXGroup;
			children = (
				BBD8D1A32BA1920B00E0A0DF /* Models */,
				BBD8D1A22BA191F800E0A0DF /* ViewsModels */,
				BBD8D1A02BA191D800E0A0DF /* Views */,
				BBD8D1902BA1912900E0A0DF /* Projethabit */,
				BBD8D18F2BA1912900E0A0DF /* Products */,
				BBC9F0462BAAC35B001C1792 /* Recovered References */,
			);
			sourceTree = "<group>";
		};
		BBD8D18F2BA1912900E0A0DF /* Products */ = {
			isa = PBXGroup;
			children = (
				BBD8D18E2BA1912900E0A0DF /* Projethabit.app */,
			);
			name = Products;
			sourceTree = "<group>";
		};
		BBD8D1902BA1912900E0A0DF /* Projethabit */ = {
			isa = PBXGroup;
			children = (
				BBD8D1912BA1912900E0A0DF /* ProjethabitApp.swift */,
				BBD8D1952BA1912A00E0A0DF /* Assets.xcassets */,
				BBD8D1972BA1912A00E0A0DF /* Projethabit.entitlements */,
				BBD8D1982BA1912A00E0A0DF /* Preview Content */,
			);
			path = Projethabit;
			sourceTree = "<group>";
		};
		BBD8D1982BA1912A00E0A0DF /* Preview Content */ = {
			isa = PBXGroup;
			children = (
				BBD8D1992BA1912A00E0A0DF /* Preview Assets.xcassets */,
			);
			path = "Preview Content";
			sourceTree = "<group>";
		};
		BBD8D1A02BA191D800E0A0DF /* Views */ = {
			isa = PBXGroup;
			children = (
				BBD8D1932BA1912900E0A0DF /* ContentView.swift */,
				BBD8D1E02BA1A0A800E0A0DF /* HabitDayView.swift */,
				BBC9F0472BAAC872001C1792 /* AddHabitView.swift */,
			);
			path = Views;
			sourceTree = "<group>";
		};
		BBD8D1A22BA191F800E0A0DF /* ViewsModels */ = {
			isa = PBXGroup;
			children = (
				BBD8D1A42BA192E900E0A0DF /* HabitViewModel.swift */,
				827578092BA19DF300B2154E /* RowViewType.swift */,
			);
			path = ViewsModels;
			sourceTree = "<group>";
		};
		BBD8D1A32BA1920B00E0A0DF /* Models */ = {
			isa = PBXGroup;
			children = (
				BBD8D1A62BA1934000E0A0DF /* Habit.swift */,
			);
			path = Models;
			sourceTree = "<group>";
		};
/* End PBXGroup section */

/* Begin PBXNativeTarget section */
		BBD8D18D2BA1912900E0A0DF /* Projethabit */ = {
			isa = PBXNativeTarget;
			buildConfigurationList = BBD8D19D2BA1912A00E0A0DF /* Build configuration list for PBXNativeTarget "Projethabit" */;
			buildPhases = (
				BBD8D18A2BA1912900E0A0DF /* Sources */,
				BBD8D18B2BA1912900E0A0DF /* Frameworks */,
				BBD8D18C2BA1912900E0A0DF /* Resources */,
			);
			buildRules = (
			);
			dependencies = (
			);
			name = Projethabit;
			productName = Projethabit;
			productReference = BBD8D18E2BA1912900E0A0DF /* Projethabit.app */;
			productType = "com.apple.product-type.application";
		};
/* End PBXNativeTarget section */

/* Begin PBXProject section */
		BBD8D1862BA1912900E0A0DF /* Project object */ = {
			isa = PBXProject;
			attributes = {
				BuildIndependentTargetsInParallel = 1;
				LastSwiftUpdateCheck = 1430;
				LastUpgradeCheck = 1430;
				TargetAttributes = {
					BBD8D18D2BA1912900E0A0DF = {
						CreatedOnToolsVersion = 14.3.1;
					};
				};
			};
			buildConfigurationList = BBD8D1892BA1912900E0A0DF /* Build configuration list for PBXProject "Projethabit" */;
			compatibilityVersion = "Xcode 14.0";
			developmentRegion = en;
			hasScannedForEncodings = 0;
			knownRegions = (
				en,
				Base,
			);
			mainGroup = BBD8D1852BA1912900E0A0DF;
			productRefGroup = BBD8D18F2BA1912900E0A0DF /* Products */;
			projectDirPath = "";
			projectRoot = "";
			targets = (
				BBD8D18D2BA1912900E0A0DF /* Projethabit */,
			);
		};
/* End PBXProject section */

/* Begin PBXResourcesBuildPhase section */
		BBD8D18C2BA1912900E0A0DF /* Resources */ = {
			isa = PBXResourcesBuildPhase;
			buildActionMask = 2147483647;
			files = (
				BBD8D19A2BA1912A00E0A0DF /* Preview Assets.xcassets in Resources */,
				BBD8D1962BA1912A00E0A0DF /* Assets.xcassets in Resources */,
			);
			runOnlyForDeploymentPostprocessing = 0;
		};
/* End PBXResourcesBuildPhase section */

/* Begin PBXSourcesBuildPhase section */
		BBD8D18A2BA1912900E0A0DF /* Sources */ = {
			isa = PBXSourcesBuildPhase;
			buildActionMask = 2147483647;
			files = (
				BBD8D1A52BA192E900E0A0DF /* HabitViewModel.swift in Sources */,
				BBC9F0482BAAC872001C1792 /* AddHabitView.swift in Sources */,
				8275780A2BA19DF300B2154E /* RowViewType.swift in Sources */,
				BBD8D1942BA1912900E0A0DF /* ContentView.swift in Sources */,
				BBD8D1E12BA1A0A800E0A0DF /* HabitDayView.swift in Sources */,
				BBD8D1A72BA1934000E0A0DF /* Habit.swift in Sources */,
				BBD8D1922BA1912900E0A0DF /* ProjethabitApp.swift in Sources */,
			);
			runOnlyForDeploymentPostprocessing = 0;
		};
/* End PBXSourcesBuildPhase section */

/* Begin XCBuildConfiguration section */
		BBD8D19B2BA1912A00E0A0DF /* Debug */ = {
			isa = XCBuildConfiguration;
			buildSettings = {
				ALWAYS_SEARCH_USER_PATHS = NO;
				CLANG_ANALYZER_NONNULL = YES;
				CLANG_ANALYZER_NUMBER_OBJECT_CONVERSION = YES_AGGRESSIVE;
				CLANG_CXX_LANGUAGE_STANDARD = "gnu++20";
				CLANG_ENABLE_MODULES = YES;
				CLANG_ENABLE_OBJC_ARC = YES;
				CLANG_ENABLE_OBJC_WEAK = YES;
				CLANG_WARN_BLOCK_CAPTURE_AUTORELEASING = YES;
				CLANG_WARN_BOOL_CONVERSION = YES;
				CLANG_WARN_COMMA = YES;
				CLANG_WARN_CONSTANT_CONVERSION = YES;
				CLANG_WARN_DEPRECATED_OBJC_IMPLEMENTATIONS = YES;
				CLANG_WARN_DIRECT_OBJC_ISA_USAGE = YES_ERROR;
				CLANG_WARN_DOCUMENTATION_COMMENTS = YES;
				CLANG_WARN_EMPTY_BODY = YES;
				CLANG_WARN_ENUM_CONVERSION = YES;
				CLANG_WARN_INFINITE_RECURSION = YES;
				CLANG_WARN_INT_CONVERSION = YES;
				CLANG_WARN_NON_LITERAL_NULL_CONVERSION = YES;
				CLANG_WARN_OBJC_IMPLICIT_RETAIN_SELF = YES;
				CLANG_WARN_OBJC_LITERAL_CONVERSION = YES;
				CLANG_WARN_OBJC_ROOT_CLASS = YES_ERROR;
				CLANG_WARN_QUOTED_INCLUDE_IN_FRAMEWORK_HEADER = YES;
				CLANG_WARN_RANGE_LOOP_ANALYSIS = YES;
				CLANG_WARN_STRICT_PROTOTYPES = YES;
				CLANG_WARN_SUSPICIOUS_MOVE = YES;
				CLANG_WARN_UNGUARDED_AVAILABILITY = YES_AGGRESSIVE;
				CLANG_WARN_UNREACHABLE_CODE = YES;
				CLANG_WARN__DUPLICATE_METHOD_MATCH = YES;
				COPY_PHASE_STRIP = NO;
				DEBUG_INFORMATION_FORMAT = dwarf;
				ENABLE_STRICT_OBJC_MSGSEND = YES;
				ENABLE_TESTABILITY = YES;
				GCC_C_LANGUAGE_STANDARD = gnu11;
				GCC_DYNAMIC_NO_PIC = NO;
				GCC_NO_COMMON_BLOCKS = YES;
				GCC_OPTIMIZATION_LEVEL = 0;
				GCC_PREPROCESSOR_DEFINITIONS = (
					"DEBUG=1",
					"$(inherited)",
				);
				GCC_WARN_64_TO_32_BIT_CONVERSION = YES;
				GCC_WARN_ABOUT_RETURN_TYPE = YES_ERROR;
				GCC_WARN_UNDECLARED_SELECTOR = YES;
				GCC_WARN_UNINITIALIZED_AUTOS = YES_AGGRESSIVE;
				GCC_WARN_UNUSED_FUNCTION = YES;
				GCC_WARN_UNUSED_VARIABLE = YES;
				MTL_ENABLE_DEBUG_INFO = INCLUDE_SOURCE;
				MTL_FAST_MATH = YES;
				ONLY_ACTIVE_ARCH = YES;
				SWIFT_ACTIVE_COMPILATION_CONDITIONS = DEBUG;
				SWIFT_OPTIMIZATION_LEVEL = "-Onone";
			};
			name = Debug;
		};
		BBD8D19C2BA1912A00E0A0DF /* Release */ = {
			isa = XCBuildConfiguration;
			buildSettings = {
				ALWAYS_SEARCH_USER_PATHS = NO;
				CLANG_ANALYZER_NONNULL = YES;
				CLANG_ANALYZER_NUMBER_OBJECT_CONVERSION = YES_AGGRESSIVE;
				CLANG_CXX_LANGUAGE_STANDARD = "gnu++20";
				CLANG_ENABLE_MODULES = YES;
				CLANG_ENABLE_OBJC_ARC = YES;
				CLANG_ENABLE_OBJC_WEAK = YES;
				CLANG_WARN_BLOCK_CAPTURE_AUTORELEASING = YES;
				CLANG_WARN_BOOL_CONVERSION = YES;
				CLANG_WARN_COMMA = YES;
				CLANG_WARN_CONSTANT_CONVERSION = YES;
				CLANG_WARN_DEPRECATED_OBJC_IMPLEMENTATIONS = YES;
				CLANG_WARN_DIRECT_OBJC_ISA_USAGE = YES_ERROR;
				CLANG_WARN_DOCUMENTATION_COMMENTS = YES;
				CLANG_WARN_EMPTY_BODY = YES;
				CLANG_WARN_ENUM_CONVERSION = YES;
				CLANG_WARN_INFINITE_RECURSION = YES;
				CLANG_WARN_INT_CONVERSION = YES;
				CLANG_WARN_NON_LITERAL_NULL_CONVERSION = YES;
				CLANG_WARN_OBJC_IMPLICIT_RETAIN_SELF = YES;
				CLANG_WARN_OBJC_LITERAL_CONVERSION = YES;
				CLANG_WARN_OBJC_ROOT_CLASS = YES_ERROR;
				CLANG_WARN_QUOTED_INCLUDE_IN_FRAMEWORK_HEADER = YES;
				CLANG_WARN_RANGE_LOOP_ANALYSIS = YES;
				CLANG_WARN_STRICT_PROTOTYPES = YES;
				CLANG_WARN_SUSPICIOUS_MOVE = YES;
				CLANG_WARN_UNGUARDED_AVAILABILITY = YES_AGGRESSIVE;
				CLANG_WARN_UNREACHABLE_CODE = YES;
				CLANG_WARN__DUPLICATE_METHOD_MATCH = YES;
				COPY_PHASE_STRIP = NO;
				DEBUG_INFORMATION_FORMAT = "dwarf-with-dsym";
				ENABLE_NS_ASSERTIONS = NO;
				ENABLE_STRICT_OBJC_MSGSEND = YES;
				GCC_C_LANGUAGE_STANDARD = gnu11;
				GCC_NO_COMMON_BLOCKS = YES;
				GCC_WARN_64_TO_32_BIT_CONVERSION = YES;
				GCC_WARN_ABOUT_RETURN_TYPE = YES_ERROR;
				GCC_WARN_UNDECLARED_SELECTOR = YES;
				GCC_WARN_UNINITIALIZED_AUTOS = YES_AGGRESSIVE;
				GCC_WARN_UNUSED_FUNCTION = YES;
				GCC_WARN_UNUSED_VARIABLE = YES;
				MTL_ENABLE_DEBUG_INFO = NO;
				MTL_FAST_MATH = YES;
				SWIFT_COMPILATION_MODE = wholemodule;
				SWIFT_OPTIMIZATION_LEVEL = "-O";
			};
			name = Release;
		};
		BBD8D19E2BA1912A00E0A0DF /* Debug */ = {
			isa = XCBuildConfiguration;
			buildSettings = {
				ASSETCATALOG_COMPILER_APPICON_NAME = AppIcon;
				ASSETCATALOG_COMPILER_GLOBAL_ACCENT_COLOR_NAME = AccentColor;
				CODE_SIGN_ENTITLEMENTS = Projethabit/Projethabit.entitlements;
				CODE_SIGN_STYLE = Automatic;
				CURRENT_PROJECT_VERSION = 1;
				DEVELOPMENT_ASSET_PATHS = "\"Projethabit/Preview Content\"";
				ENABLE_PREVIEWS = YES;
				GENERATE_INFOPLIST_FILE = YES;
				"INFOPLIST_KEY_UIApplicationSceneManifest_Generation[sdk=iphoneos*]" = YES;
				"INFOPLIST_KEY_UIApplicationSceneManifest_Generation[sdk=iphonesimulator*]" = YES;
				"INFOPLIST_KEY_UIApplicationSupportsIndirectInputEvents[sdk=iphoneos*]" = YES;
				"INFOPLIST_KEY_UIApplicationSupportsIndirectInputEvents[sdk=iphonesimulator*]" = YES;
				"INFOPLIST_KEY_UILaunchScreen_Generation[sdk=iphoneos*]" = YES;
				"INFOPLIST_KEY_UILaunchScreen_Generation[sdk=iphonesimulator*]" = YES;
				"INFOPLIST_KEY_UIStatusBarStyle[sdk=iphoneos*]" = UIStatusBarStyleDefault;
				"INFOPLIST_KEY_UIStatusBarStyle[sdk=iphonesimulator*]" = UIStatusBarStyleDefault;
				INFOPLIST_KEY_UISupportedInterfaceOrientations_iPad = "UIInterfaceOrientationPortrait UIInterfaceOrientationPortraitUpsideDown UIInterfaceOrientationLandscapeLeft UIInterfaceOrientationLandscapeRight";
				INFOPLIST_KEY_UISupportedInterfaceOrientations_iPhone = "UIInterfaceOrientationPortrait UIInterfaceOrientationLandscapeLeft UIInterfaceOrientationLandscapeRight";
				IPHONEOS_DEPLOYMENT_TARGET = 16.4;
				LD_RUNPATH_SEARCH_PATHS = "@executable_path/Frameworks";
				"LD_RUNPATH_SEARCH_PATHS[sdk=macosx*]" = "@executable_path/../Frameworks";
				MACOSX_DEPLOYMENT_TARGET = 13.3;
				MARKETING_VERSION = 1.0;
				PRODUCT_BUNDLE_IDENTIFIER = "calixteair-fr.Projethabit";
				PRODUCT_NAME = "$(TARGET_NAME)";
				SDKROOT = auto;
				SUPPORTED_PLATFORMS = "iphoneos iphonesimulator macosx";
				SWIFT_EMIT_LOC_STRINGS = YES;
				SWIFT_VERSION = 5.0;
				TARGETED_DEVICE_FAMILY = "1,2";
			};
			name = Debug;
		};
		BBD8D19F2BA1912A00E0A0DF /* Release */ = {
			isa = XCBuildConfiguration;
			buildSettings = {
				ASSETCATALOG_COMPILER_APPICON_NAME = AppIcon;
				ASSETCATALOG_COMPILER_GLOBAL_ACCENT_COLOR_NAME = AccentColor;
				CODE_SIGN_ENTITLEMENTS = Projethabit/Projethabit.entitlements;
				CODE_SIGN_STYLE = Automatic;
				CURRENT_PROJECT_VERSION = 1;
				DEVELOPMENT_ASSET_PATHS = "\"Projethabit/Preview Content\"";
				ENABLE_PREVIEWS = YES;
				GENERATE_INFOPLIST_FILE = YES;
				"INFOPLIST_KEY_UIApplicationSceneManifest_Generation[sdk=iphoneos*]" = YES;
				"INFOPLIST_KEY_UIApplicationSceneManifest_Generation[sdk=iphonesimulator*]" = YES;
				"INFOPLIST_KEY_UIApplicationSupportsIndirectInputEvents[sdk=iphoneos*]" = YES;
				"INFOPLIST_KEY_UIApplicationSupportsIndirectInputEvents[sdk=iphonesimulator*]" = YES;
				"INFOPLIST_KEY_UILaunchScreen_Generation[sdk=iphoneos*]" = YES;
				"INFOPLIST_KEY_UILaunchScreen_Generation[sdk=iphonesimulator*]" = YES;
				"INFOPLIST_KEY_UIStatusBarStyle[sdk=iphoneos*]" = UIStatusBarStyleDefault;
				"INFOPLIST_KEY_UIStatusBarStyle[sdk=iphonesimulator*]" = UIStatusBarStyleDefault;
				INFOPLIST_KEY_UISupportedInterfaceOrientations_iPad = "UIInterfaceOrientationPortrait UIInterfaceOrientationPortraitUpsideDown UIInterfaceOrientationLandscapeLeft UIInterfaceOrientationLandscapeRight";
				INFOPLIST_KEY_UISupportedInterfaceOrientations_iPhone = "UIInterfaceOrientationPortrait UIInterfaceOrientationLandscapeLeft UIInterfaceOrientationLandscapeRight";
				IPHONEOS_DEPLOYMENT_TARGET = 16.4;
				LD_RUNPATH_SEARCH_PATHS = "@executable_path/Frameworks";
				"LD_RUNPATH_SEARCH_PATHS[sdk=macosx*]" = "@executable_path/../Frameworks";
				MACOSX_DEPLOYMENT_TARGET = 13.3;
				MARKETING_VERSION = 1.0;
				PRODUCT_BUNDLE_IDENTIFIER = "calixteair-fr.Projethabit";
				PRODUCT_NAME = "$(TARGET_NAME)";
				SDKROOT = auto;
				SUPPORTED_PLATFORMS = "iphoneos iphonesimulator macosx";
				SWIFT_EMIT_LOC_STRINGS = YES;
				SWIFT_VERSION = 5.0;
				TARGETED_DEVICE_FAMILY = "1,2";
			};
			name = Release;
		};
/* End XCBuildConfiguration section */

/* Begin XCConfigurationList section */
		BBD8D1892BA1912900E0A0DF /* Build configuration list for PBXProject "Projethabit" */ = {
			isa = XCConfigurationList;
			buildConfigurations = (
				BBD8D19B2BA1912A00E0A0DF /* Debug */,
				BBD8D19C2BA1912A00E0A0DF /* Release */,
			);
			defaultConfigurationIsVisible = 0;
			defaultConfigurationName = Release;
		};
		BBD8D19D2BA1912A00E0A0DF /* Build configuration list for PBXNativeTarget "Projethabit" */ = {
			isa = XCConfigurationList;
			buildConfigurations = (
				BBD8D19E2BA1912A00E0A0DF /* Debug */,
				BBD8D19F2BA1912A00E0A0DF /* Release */,
			);
			defaultConfigurationIsVisible = 0;
			defaultConfigurationName = Release;
		};
/* End XCConfigurationList section */
	};
	rootObject = BBD8D1862BA1912900E0A0DF /* Project object */;
}
